// !$*UTF8*$!
{
	archiveVersion = 1;
	classes = {
	};
	objectVersion = 50;
	objects = {

/* Begin PBXBuildFile section */
		33A89AA421106DAD00FD0859 /* TraubenleseTableViewController.swift in Sources */ = {isa = PBXBuildFile; fileRef = 33A89AA321106DAD00FD0859 /* TraubenleseTableViewController.swift */; };
		33A89AA621106DC500FD0859 /* TraubenleseCell.swift in Sources */ = {isa = PBXBuildFile; fileRef = 33A89AA521106DC500FD0859 /* TraubenleseCell.swift */; };
		33A89AA821106DE800FD0859 /* TraubenleseViewController.swift in Sources */ = {isa = PBXBuildFile; fileRef = 33A89AA721106DE800FD0859 /* TraubenleseViewController.swift */; };
		33FDF58A2101EC5E002A475E /* AppDelegate.swift in Sources */ = {isa = PBXBuildFile; fileRef = 33FDF5892101EC5E002A475E /* AppDelegate.swift */; };
		33FDF58C2101EC5E002A475E /* ViewController.swift in Sources */ = {isa = PBXBuildFile; fileRef = 33FDF58B2101EC5E002A475E /* ViewController.swift */; };
		33FDF58F2101EC5E002A475E /* Main.storyboard in Resources */ = {isa = PBXBuildFile; fileRef = 33FDF58D2101EC5E002A475E /* Main.storyboard */; };
		33FDF5912101EC5F002A475E /* Assets.xcassets in Resources */ = {isa = PBXBuildFile; fileRef = 33FDF5902101EC5F002A475E /* Assets.xcassets */; };
		33FDF5942101EC5F002A475E /* LaunchScreen.storyboard in Resources */ = {isa = PBXBuildFile; fileRef = 33FDF5922101EC5F002A475E /* LaunchScreen.storyboard */; };
		33FDF59F2101EC5F002A475E /* EMATests.swift in Sources */ = {isa = PBXBuildFile; fileRef = 33FDF59E2101EC5F002A475E /* EMATests.swift */; };
		33FDF5AA2101EC5F002A475E /* EMAUITests.swift in Sources */ = {isa = PBXBuildFile; fileRef = 33FDF5A92101EC5F002A475E /* EMAUITests.swift */; };
		33FE10662113809600EF2C0A /* WorkRoutineNormalViewController.swift in Sources */ = {isa = PBXBuildFile; fileRef = 7E8C36AA2108C15B006A6EB9 /* WorkRoutineNormalViewController.swift */; };
		33FE1068211480DC00EF2C0A /* DataBaseTraubenlese.swift in Sources */ = {isa = PBXBuildFile; fileRef = 33FE1067211480DC00EF2C0A /* DataBaseTraubenlese.swift */; };
		69189DED57C1854E9B7DC768 /* Pods_EMATests.framework in Frameworks */ = {isa = PBXBuildFile; fileRef = C32D695FDAFE233D628C97CD /* Pods_EMATests.framework */; };
		7E089834210B5F220085EA50 /* DatabaseModelNormal.swift in Sources */ = {isa = PBXBuildFile; fileRef = 7E089833210B5F220085EA50 /* DatabaseModelNormal.swift */; };
		7E089836210B94380085EA50 /* WorkState.swift in Sources */ = {isa = PBXBuildFile; fileRef = 7E089835210B94380085EA50 /* WorkState.swift */; };
		7E089839210BB6860085EA50 /* Field.swift in Sources */ = {isa = PBXBuildFile; fileRef = 7E089838210BB6860085EA50 /* Field.swift */; };
		7E67090D2105F94600072FE9 /* MenuViewController.swift in Sources */ = {isa = PBXBuildFile; fileRef = 7E67090C2105F94600072FE9 /* MenuViewController.swift */; };
		7E8C36A721089FD7006A6EB9 /* WorkRoutineNormalTableViewController.swift in Sources */ = {isa = PBXBuildFile; fileRef = 7E8C36A621089FD7006A6EB9 /* WorkRoutineNormalTableViewController.swift */; };
		7E8C36A92108AD3D006A6EB9 /* WorkingRoutineNormalCell.swift in Sources */ = {isa = PBXBuildFile; fileRef = 7E8C36A82108AD3D006A6EB9 /* WorkingRoutineNormalCell.swift */; };
		7E8F898C210619C600BA2FEE /* DatabaseManager.swift in Sources */ = {isa = PBXBuildFile; fileRef = 7E8F898B210619C600BA2FEE /* DatabaseManager.swift */; };
		7E9AD2BC2104C5FA00D5CC39 /* LoginManager.swift in Sources */ = {isa = PBXBuildFile; fileRef = 7E9AD2BB2104C5FA00D5CC39 /* LoginManager.swift */; };
		7E9AD2BE2104CC4F00D5CC39 /* LoginTests.swift in Sources */ = {isa = PBXBuildFile; fileRef = 7E9AD2BD2104CC4F00D5CC39 /* LoginTests.swift */; };
		7E9D32C721064384001A49F1 /* MenuCollectionViewCell.swift in Sources */ = {isa = PBXBuildFile; fileRef = 7E9D32C621064384001A49F1 /* MenuCollectionViewCell.swift */; };
		7E9D32C921065B78001A49F1 /* SectionHeaderView.swift in Sources */ = {isa = PBXBuildFile; fileRef = 7E9D32C821065B78001A49F1 /* SectionHeaderView.swift */; };
		9756EB7FB181064EA843EDD8 /* Pods_EMA.framework in Frameworks */ = {isa = PBXBuildFile; fileRef = 5D9808B1E81DBB477392B081 /* Pods_EMA.framework */; };
		A807A61BC9E0C242A988F6DF /* Pods_EMAUITests.framework in Frameworks */ = {isa = PBXBuildFile; fileRef = DD4F6A68807E800EAC18FD68 /* Pods_EMAUITests.framework */; };
		BD09F42C2104DA1300BDA189 /* MapViewController.swift in Sources */ = {isa = PBXBuildFile; fileRef = BD09F42B2104DA1300BDA189 /* MapViewController.swift */; };
		BD09F42E2104DA1E00BDA189 /* FieldsViewController.swift in Sources */ = {isa = PBXBuildFile; fileRef = BD09F42D2104DA1E00BDA189 /* FieldsViewController.swift */; };
/* End PBXBuildFile section */

/* Begin PBXContainerItemProxy section */
		33FDF59B2101EC5F002A475E /* PBXContainerItemProxy */ = {
			isa = PBXContainerItemProxy;
			containerPortal = 33FDF57E2101EC5E002A475E /* Project object */;
			proxyType = 1;
			remoteGlobalIDString = 33FDF5852101EC5E002A475E;
			remoteInfo = EMA;
		};
		33FDF5A62101EC5F002A475E /* PBXContainerItemProxy */ = {
			isa = PBXContainerItemProxy;
			containerPortal = 33FDF57E2101EC5E002A475E /* Project object */;
			proxyType = 1;
			remoteGlobalIDString = 33FDF5852101EC5E002A475E;
			remoteInfo = EMA;
		};
/* End PBXContainerItemProxy section */

/* Begin PBXFileReference section */
		24B5A536205C649C4DF669E9 /* Pods-EMA.debug.xcconfig */ = {isa = PBXFileReference; includeInIndex = 1; lastKnownFileType = text.xcconfig; name = "Pods-EMA.debug.xcconfig"; path = "Pods/Target Support Files/Pods-EMA/Pods-EMA.debug.xcconfig"; sourceTree = "<group>"; };
		33A89AA321106DAD00FD0859 /* TraubenleseTableViewController.swift */ = {isa = PBXFileReference; lastKnownFileType = sourcecode.swift; path = TraubenleseTableViewController.swift; sourceTree = "<group>"; };
		33A89AA521106DC500FD0859 /* TraubenleseCell.swift */ = {isa = PBXFileReference; lastKnownFileType = sourcecode.swift; path = TraubenleseCell.swift; sourceTree = "<group>"; };
		33A89AA721106DE800FD0859 /* TraubenleseViewController.swift */ = {isa = PBXFileReference; lastKnownFileType = sourcecode.swift; path = TraubenleseViewController.swift; sourceTree = "<group>"; };
		33FDF5862101EC5E002A475E /* EMA.app */ = {isa = PBXFileReference; explicitFileType = wrapper.application; includeInIndex = 0; path = EMA.app; sourceTree = BUILT_PRODUCTS_DIR; };
		33FDF5892101EC5E002A475E /* AppDelegate.swift */ = {isa = PBXFileReference; lastKnownFileType = sourcecode.swift; path = AppDelegate.swift; sourceTree = "<group>"; };
		33FDF58B2101EC5E002A475E /* ViewController.swift */ = {isa = PBXFileReference; lastKnownFileType = sourcecode.swift; path = ViewController.swift; sourceTree = "<group>"; };
		33FDF58E2101EC5E002A475E /* Base */ = {isa = PBXFileReference; lastKnownFileType = file.storyboard; name = Base; path = Base.lproj/Main.storyboard; sourceTree = "<group>"; };
		33FDF5902101EC5F002A475E /* Assets.xcassets */ = {isa = PBXFileReference; lastKnownFileType = folder.assetcatalog; path = Assets.xcassets; sourceTree = "<group>"; };
		33FDF5932101EC5F002A475E /* Base */ = {isa = PBXFileReference; lastKnownFileType = file.storyboard; name = Base; path = Base.lproj/LaunchScreen.storyboard; sourceTree = "<group>"; };
		33FDF5952101EC5F002A475E /* Info.plist */ = {isa = PBXFileReference; lastKnownFileType = text.plist.xml; path = Info.plist; sourceTree = "<group>"; };
		33FDF59A2101EC5F002A475E /* EMATests.xctest */ = {isa = PBXFileReference; explicitFileType = wrapper.cfbundle; includeInIndex = 0; path = EMATests.xctest; sourceTree = BUILT_PRODUCTS_DIR; };
		33FDF59E2101EC5F002A475E /* EMATests.swift */ = {isa = PBXFileReference; lastKnownFileType = sourcecode.swift; path = EMATests.swift; sourceTree = "<group>"; };
		33FDF5A02101EC5F002A475E /* Info.plist */ = {isa = PBXFileReference; lastKnownFileType = text.plist.xml; path = Info.plist; sourceTree = "<group>"; };
		33FDF5A52101EC5F002A475E /* EMAUITests.xctest */ = {isa = PBXFileReference; explicitFileType = wrapper.cfbundle; includeInIndex = 0; path = EMAUITests.xctest; sourceTree = BUILT_PRODUCTS_DIR; };
		33FDF5A92101EC5F002A475E /* EMAUITests.swift */ = {isa = PBXFileReference; lastKnownFileType = sourcecode.swift; path = EMAUITests.swift; sourceTree = "<group>"; };
		33FDF5AB2101EC5F002A475E /* Info.plist */ = {isa = PBXFileReference; lastKnownFileType = text.plist.xml; path = Info.plist; sourceTree = "<group>"; };
		33FE1067211480DC00EF2C0A /* DataBaseTraubenlese.swift */ = {isa = PBXFileReference; lastKnownFileType = sourcecode.swift; path = DataBaseTraubenlese.swift; sourceTree = "<group>"; };
		52F57BE480750000E0555C0D /* Pods-EMAUITests.release.xcconfig */ = {isa = PBXFileReference; includeInIndex = 1; lastKnownFileType = text.xcconfig; name = "Pods-EMAUITests.release.xcconfig"; path = "Pods/Target Support Files/Pods-EMAUITests/Pods-EMAUITests.release.xcconfig"; sourceTree = "<group>"; };
		5D9808B1E81DBB477392B081 /* Pods_EMA.framework */ = {isa = PBXFileReference; explicitFileType = wrapper.framework; includeInIndex = 0; path = Pods_EMA.framework; sourceTree = BUILT_PRODUCTS_DIR; };
		5DC8F36519DB49EBB89D362E /* Pods-EMATests.release.xcconfig */ = {isa = PBXFileReference; includeInIndex = 1; lastKnownFileType = text.xcconfig; name = "Pods-EMATests.release.xcconfig"; path = "Pods/Target Support Files/Pods-EMATests/Pods-EMATests.release.xcconfig"; sourceTree = "<group>"; };
		7A92724CA8B3F0C5794D0456 /* Pods-EMAUITests.debug.xcconfig */ = {isa = PBXFileReference; includeInIndex = 1; lastKnownFileType = text.xcconfig; name = "Pods-EMAUITests.debug.xcconfig"; path = "Pods/Target Support Files/Pods-EMAUITests/Pods-EMAUITests.debug.xcconfig"; sourceTree = "<group>"; };
		7E089833210B5F220085EA50 /* DatabaseModelNormal.swift */ = {isa = PBXFileReference; lastKnownFileType = sourcecode.swift; path = DatabaseModelNormal.swift; sourceTree = "<group>"; };
		7E089835210B94380085EA50 /* WorkState.swift */ = {isa = PBXFileReference; lastKnownFileType = sourcecode.swift; path = WorkState.swift; sourceTree = "<group>"; };
		7E089838210BB6860085EA50 /* Field.swift */ = {isa = PBXFileReference; lastKnownFileType = sourcecode.swift; path = Field.swift; sourceTree = "<group>"; };
		7E67090C2105F94600072FE9 /* MenuViewController.swift */ = {isa = PBXFileReference; lastKnownFileType = sourcecode.swift; path = MenuViewController.swift; sourceTree = "<group>"; };
		7E8C36A621089FD7006A6EB9 /* WorkRoutineNormalTableViewController.swift */ = {isa = PBXFileReference; lastKnownFileType = sourcecode.swift; path = WorkRoutineNormalTableViewController.swift; sourceTree = "<group>"; };
		7E8C36A82108AD3D006A6EB9 /* WorkingRoutineNormalCell.swift */ = {isa = PBXFileReference; lastKnownFileType = sourcecode.swift; path = WorkingRoutineNormalCell.swift; sourceTree = "<group>"; };
		7E8C36AA2108C15B006A6EB9 /* WorkRoutineNormalViewController.swift */ = {isa = PBXFileReference; lastKnownFileType = sourcecode.swift; path = WorkRoutineNormalViewController.swift; sourceTree = "<group>"; };
		7E8F898B210619C600BA2FEE /* DatabaseManager.swift */ = {isa = PBXFileReference; lastKnownFileType = sourcecode.swift; path = DatabaseManager.swift; sourceTree = "<group>"; };
		7E9AD2BB2104C5FA00D5CC39 /* LoginManager.swift */ = {isa = PBXFileReference; lastKnownFileType = sourcecode.swift; path = LoginManager.swift; sourceTree = "<group>"; };
		7E9AD2BD2104CC4F00D5CC39 /* LoginTests.swift */ = {isa = PBXFileReference; lastKnownFileType = sourcecode.swift; path = LoginTests.swift; sourceTree = "<group>"; };
		7E9D32C621064384001A49F1 /* MenuCollectionViewCell.swift */ = {isa = PBXFileReference; lastKnownFileType = sourcecode.swift; path = MenuCollectionViewCell.swift; sourceTree = "<group>"; };
		7E9D32C821065B78001A49F1 /* SectionHeaderView.swift */ = {isa = PBXFileReference; lastKnownFileType = sourcecode.swift; path = SectionHeaderView.swift; sourceTree = "<group>"; };
		8B4B1147F753B6BA00146112 /* Pods-EMA.release.xcconfig */ = {isa = PBXFileReference; includeInIndex = 1; lastKnownFileType = text.xcconfig; name = "Pods-EMA.release.xcconfig"; path = "Pods/Target Support Files/Pods-EMA/Pods-EMA.release.xcconfig"; sourceTree = "<group>"; };
		BD09F42B2104DA1300BDA189 /* MapViewController.swift */ = {isa = PBXFileReference; lastKnownFileType = sourcecode.swift; path = MapViewController.swift; sourceTree = "<group>"; };
		BD09F42D2104DA1E00BDA189 /* FieldsViewController.swift */ = {isa = PBXFileReference; lastKnownFileType = sourcecode.swift; path = FieldsViewController.swift; sourceTree = "<group>"; };
		C32D695FDAFE233D628C97CD /* Pods_EMATests.framework */ = {isa = PBXFileReference; explicitFileType = wrapper.framework; includeInIndex = 0; path = Pods_EMATests.framework; sourceTree = BUILT_PRODUCTS_DIR; };
		D86632A3915F1A8B818F8628 /* Pods-EMATests.debug.xcconfig */ = {isa = PBXFileReference; includeInIndex = 1; lastKnownFileType = text.xcconfig; name = "Pods-EMATests.debug.xcconfig"; path = "Pods/Target Support Files/Pods-EMATests/Pods-EMATests.debug.xcconfig"; sourceTree = "<group>"; };
		DD4F6A68807E800EAC18FD68 /* Pods_EMAUITests.framework */ = {isa = PBXFileReference; explicitFileType = wrapper.framework; includeInIndex = 0; path = Pods_EMAUITests.framework; sourceTree = BUILT_PRODUCTS_DIR; };
/* End PBXFileReference section */

/* Begin PBXFrameworksBuildPhase section */
		33FDF5832101EC5E002A475E /* Frameworks */ = {
			isa = PBXFrameworksBuildPhase;
			buildActionMask = 2147483647;
			files = (
				9756EB7FB181064EA843EDD8 /* Pods_EMA.framework in Frameworks */,
			);
			runOnlyForDeploymentPostprocessing = 0;
		};
		33FDF5972101EC5F002A475E /* Frameworks */ = {
			isa = PBXFrameworksBuildPhase;
			buildActionMask = 2147483647;
			files = (
				69189DED57C1854E9B7DC768 /* Pods_EMATests.framework in Frameworks */,
			);
			runOnlyForDeploymentPostprocessing = 0;
		};
		33FDF5A22101EC5F002A475E /* Frameworks */ = {
			isa = PBXFrameworksBuildPhase;
			buildActionMask = 2147483647;
			files = (
				A807A61BC9E0C242A988F6DF /* Pods_EMAUITests.framework in Frameworks */,
			);
			runOnlyForDeploymentPostprocessing = 0;
		};
/* End PBXFrameworksBuildPhase section */

/* Begin PBXGroup section */
		103107A38CFE44B7CE7DD816 /* Frameworks */ = {
			isa = PBXGroup;
			children = (
				5D9808B1E81DBB477392B081 /* Pods_EMA.framework */,
				C32D695FDAFE233D628C97CD /* Pods_EMATests.framework */,
				DD4F6A68807E800EAC18FD68 /* Pods_EMAUITests.framework */,
			);
			name = Frameworks;
			sourceTree = "<group>";
		};
		33FDF57D2101EC5E002A475E = {
			isa = PBXGroup;
			children = (
				33FDF5882101EC5E002A475E /* EMA */,
				33FDF59D2101EC5F002A475E /* EMATests */,
				33FDF5A82101EC5F002A475E /* EMAUITests */,
				33FDF5872101EC5E002A475E /* Products */,
				62CB41CA107F128E98A52E6F /* Pods */,
				103107A38CFE44B7CE7DD816 /* Frameworks */,
			);
			sourceTree = "<group>";
		};
		33FDF5872101EC5E002A475E /* Products */ = {
			isa = PBXGroup;
			children = (
				33FDF5862101EC5E002A475E /* EMA.app */,
				33FDF59A2101EC5F002A475E /* EMATests.xctest */,
				33FDF5A52101EC5F002A475E /* EMAUITests.xctest */,
			);
			name = Products;
			sourceTree = "<group>";
		};
		33FDF5882101EC5E002A475E /* EMA */ = {
			isa = PBXGroup;
			children = (
				7E089837210B94960085EA50 /* Enums */,
				7E089832210B5EDF0085EA50 /* DatabaseModels */,
				BD09F42A2104D88D00BDA189 /* Fields */,
				33FDF5892101EC5E002A475E /* AppDelegate.swift */,
				33FDF58B2101EC5E002A475E /* ViewController.swift */,
				33FDF58D2101EC5E002A475E /* Main.storyboard */,
				33FDF5902101EC5F002A475E /* Assets.xcassets */,
				33FDF5922101EC5F002A475E /* LaunchScreen.storyboard */,
				33FDF5952101EC5F002A475E /* Info.plist */,
				7E9AD2BB2104C5FA00D5CC39 /* LoginManager.swift */,
				7E67090C2105F94600072FE9 /* MenuViewController.swift */,
				7E8F898B210619C600BA2FEE /* DatabaseManager.swift */,
				7E9D32C621064384001A49F1 /* MenuCollectionViewCell.swift */,
				7E9D32C821065B78001A49F1 /* SectionHeaderView.swift */,
				7E8C36A621089FD7006A6EB9 /* WorkRoutineNormalTableViewController.swift */,
				7E8C36A82108AD3D006A6EB9 /* WorkingRoutineNormalCell.swift */,
				7E8C36AA2108C15B006A6EB9 /* WorkRoutineNormalViewController.swift */,
				33A89AA321106DAD00FD0859 /* TraubenleseTableViewController.swift */,
				33A89AA521106DC500FD0859 /* TraubenleseCell.swift */,
				33A89AA721106DE800FD0859 /* TraubenleseViewController.swift */,
			);
			path = EMA;
			sourceTree = "<group>";
		};
		33FDF59D2101EC5F002A475E /* EMATests */ = {
			isa = PBXGroup;
			children = (
				33FDF59E2101EC5F002A475E /* EMATests.swift */,
				33FDF5A02101EC5F002A475E /* Info.plist */,
				7E9AD2BD2104CC4F00D5CC39 /* LoginTests.swift */,
			);
			path = EMATests;
			sourceTree = "<group>";
		};
		33FDF5A82101EC5F002A475E /* EMAUITests */ = {
			isa = PBXGroup;
			children = (
				33FDF5A92101EC5F002A475E /* EMAUITests.swift */,
				33FDF5AB2101EC5F002A475E /* Info.plist */,
			);
			path = EMAUITests;
			sourceTree = "<group>";
		};
		62CB41CA107F128E98A52E6F /* Pods */ = {
			isa = PBXGroup;
			children = (
				24B5A536205C649C4DF669E9 /* Pods-EMA.debug.xcconfig */,
				8B4B1147F753B6BA00146112 /* Pods-EMA.release.xcconfig */,
				D86632A3915F1A8B818F8628 /* Pods-EMATests.debug.xcconfig */,
				5DC8F36519DB49EBB89D362E /* Pods-EMATests.release.xcconfig */,
				7A92724CA8B3F0C5794D0456 /* Pods-EMAUITests.debug.xcconfig */,
				52F57BE480750000E0555C0D /* Pods-EMAUITests.release.xcconfig */,
			);
			name = Pods;
			sourceTree = "<group>";
		};
		7E089832210B5EDF0085EA50 /* DatabaseModels */ = {
			isa = PBXGroup;
			children = (
				7E089833210B5F220085EA50 /* DatabaseModelNormal.swift */,
				7E089838210BB6860085EA50 /* Field.swift */,
				33FE1067211480DC00EF2C0A /* DataBaseTraubenlese.swift */,
			);
			path = DatabaseModels;
			sourceTree = "<group>";
		};
		7E089837210B94960085EA50 /* Enums */ = {
			isa = PBXGroup;
			children = (
				7E089835210B94380085EA50 /* WorkState.swift */,
			);
			path = Enums;
			sourceTree = "<group>";
		};
		BD09F42A2104D88D00BDA189 /* Fields */ = {
			isa = PBXGroup;
			children = (
				BD09F42B2104DA1300BDA189 /* MapViewController.swift */,
				BD09F42D2104DA1E00BDA189 /* FieldsViewController.swift */,
			);
			path = Fields;
			sourceTree = "<group>";
		};
/* End PBXGroup section */

/* Begin PBXNativeTarget section */
		33FDF5852101EC5E002A475E /* EMA */ = {
			isa = PBXNativeTarget;
			buildConfigurationList = 33FDF5AE2101EC5F002A475E /* Build configuration list for PBXNativeTarget "EMA" */;
			buildPhases = (
				5DE68EB20507C7741A7A475B /* [CP] Check Pods Manifest.lock */,
				33FDF5822101EC5E002A475E /* Sources */,
				33FDF5832101EC5E002A475E /* Frameworks */,
				33FDF5842101EC5E002A475E /* Resources */,
				7E0CD3192103A54C00065B1F /* ShellScript */,
				3AB7A87A5A86A17739068D51 /* [CP] Embed Pods Frameworks */,
			);
			buildRules = (
			);
			dependencies = (
			);
			name = EMA;
			productName = EMA;
			productReference = 33FDF5862101EC5E002A475E /* EMA.app */;
			productType = "com.apple.product-type.application";
		};
		33FDF5992101EC5F002A475E /* EMATests */ = {
			isa = PBXNativeTarget;
			buildConfigurationList = 33FDF5B12101EC5F002A475E /* Build configuration list for PBXNativeTarget "EMATests" */;
			buildPhases = (
				0043CEDE95D70469B16C89D0 /* [CP] Check Pods Manifest.lock */,
				33FDF5962101EC5F002A475E /* Sources */,
				33FDF5972101EC5F002A475E /* Frameworks */,
				33FDF5982101EC5F002A475E /* Resources */,
			);
			buildRules = (
			);
			dependencies = (
				33FDF59C2101EC5F002A475E /* PBXTargetDependency */,
			);
			name = EMATests;
			productName = EMATests;
			productReference = 33FDF59A2101EC5F002A475E /* EMATests.xctest */;
			productType = "com.apple.product-type.bundle.unit-test";
		};
		33FDF5A42101EC5F002A475E /* EMAUITests */ = {
			isa = PBXNativeTarget;
			buildConfigurationList = 33FDF5B42101EC5F002A475E /* Build configuration list for PBXNativeTarget "EMAUITests" */;
			buildPhases = (
				0222A8DC0F7D3F99995E731B /* [CP] Check Pods Manifest.lock */,
				33FDF5A12101EC5F002A475E /* Sources */,
				33FDF5A22101EC5F002A475E /* Frameworks */,
				33FDF5A32101EC5F002A475E /* Resources */,
			);
			buildRules = (
			);
			dependencies = (
				33FDF5A72101EC5F002A475E /* PBXTargetDependency */,
			);
			name = EMAUITests;
			productName = EMAUITests;
			productReference = 33FDF5A52101EC5F002A475E /* EMAUITests.xctest */;
			productType = "com.apple.product-type.bundle.ui-testing";
		};
/* End PBXNativeTarget section */

/* Begin PBXProject section */
		33FDF57E2101EC5E002A475E /* Project object */ = {
			isa = PBXProject;
			attributes = {
				LastSwiftUpdateCheck = 0940;
				LastUpgradeCheck = 0940;
				ORGANIZATIONNAME = "Mustafa Sahinli";
				TargetAttributes = {
					33FDF5852101EC5E002A475E = {
						CreatedOnToolsVersion = 9.4.1;
					};
					33FDF5992101EC5F002A475E = {
						CreatedOnToolsVersion = 9.4.1;
						TestTargetID = 33FDF5852101EC5E002A475E;
					};
					33FDF5A42101EC5F002A475E = {
						CreatedOnToolsVersion = 9.4.1;
						TestTargetID = 33FDF5852101EC5E002A475E;
					};
				};
			};
			buildConfigurationList = 33FDF5812101EC5E002A475E /* Build configuration list for PBXProject "EMA" */;
			compatibilityVersion = "Xcode 9.3";
			developmentRegion = en;
			hasScannedForEncodings = 0;
			knownRegions = (
				en,
				Base,
			);
			mainGroup = 33FDF57D2101EC5E002A475E;
			productRefGroup = 33FDF5872101EC5E002A475E /* Products */;
			projectDirPath = "";
			projectRoot = "";
			targets = (
				33FDF5852101EC5E002A475E /* EMA */,
				33FDF5992101EC5F002A475E /* EMATests */,
				33FDF5A42101EC5F002A475E /* EMAUITests */,
			);
		};
/* End PBXProject section */

/* Begin PBXResourcesBuildPhase section */
		33FDF5842101EC5E002A475E /* Resources */ = {
			isa = PBXResourcesBuildPhase;
			buildActionMask = 2147483647;
			files = (
				33FDF5942101EC5F002A475E /* LaunchScreen.storyboard in Resources */,
				33FDF5912101EC5F002A475E /* Assets.xcassets in Resources */,
				33FDF58F2101EC5E002A475E /* Main.storyboard in Resources */,
			);
			runOnlyForDeploymentPostprocessing = 0;
		};
		33FDF5982101EC5F002A475E /* Resources */ = {
			isa = PBXResourcesBuildPhase;
			buildActionMask = 2147483647;
			files = (
			);
			runOnlyForDeploymentPostprocessing = 0;
		};
		33FDF5A32101EC5F002A475E /* Resources */ = {
			isa = PBXResourcesBuildPhase;
			buildActionMask = 2147483647;
			files = (
			);
			runOnlyForDeploymentPostprocessing = 0;
		};
/* End PBXResourcesBuildPhase section */

/* Begin PBXShellScriptBuildPhase section */
		0043CEDE95D70469B16C89D0 /* [CP] Check Pods Manifest.lock */ = {
			isa = PBXShellScriptBuildPhase;
			buildActionMask = 2147483647;
			files = (
			);
			inputPaths = (
				"${PODS_PODFILE_DIR_PATH}/Podfile.lock",
				"${PODS_ROOT}/Manifest.lock",
			);
			name = "[CP] Check Pods Manifest.lock";
			outputPaths = (
				"$(DERIVED_FILE_DIR)/Pods-EMATests-checkManifestLockResult.txt",
			);
			runOnlyForDeploymentPostprocessing = 0;
			shellPath = /bin/sh;
			shellScript = "diff \"${PODS_PODFILE_DIR_PATH}/Podfile.lock\" \"${PODS_ROOT}/Manifest.lock\" > /dev/null\nif [ $? != 0 ] ; then\n    # print error to STDERR\n    echo \"error: The sandbox is not in sync with the Podfile.lock. Run 'pod install' or update your CocoaPods installation.\" >&2\n    exit 1\nfi\n# This output is used by Xcode 'outputs' to avoid re-running this script phase.\necho \"SUCCESS\" > \"${SCRIPT_OUTPUT_FILE_0}\"\n";
			showEnvVarsInLog = 0;
		};
		0222A8DC0F7D3F99995E731B /* [CP] Check Pods Manifest.lock */ = {
			isa = PBXShellScriptBuildPhase;
			buildActionMask = 2147483647;
			files = (
			);
			inputPaths = (
				"${PODS_PODFILE_DIR_PATH}/Podfile.lock",
				"${PODS_ROOT}/Manifest.lock",
			);
			name = "[CP] Check Pods Manifest.lock";
			outputPaths = (
				"$(DERIVED_FILE_DIR)/Pods-EMAUITests-checkManifestLockResult.txt",
			);
			runOnlyForDeploymentPostprocessing = 0;
			shellPath = /bin/sh;
			shellScript = "diff \"${PODS_PODFILE_DIR_PATH}/Podfile.lock\" \"${PODS_ROOT}/Manifest.lock\" > /dev/null\nif [ $? != 0 ] ; then\n    # print error to STDERR\n    echo \"error: The sandbox is not in sync with the Podfile.lock. Run 'pod install' or update your CocoaPods installation.\" >&2\n    exit 1\nfi\n# This output is used by Xcode 'outputs' to avoid re-running this script phase.\necho \"SUCCESS\" > \"${SCRIPT_OUTPUT_FILE_0}\"\n";
			showEnvVarsInLog = 0;
		};
		3AB7A87A5A86A17739068D51 /* [CP] Embed Pods Frameworks */ = {
			isa = PBXShellScriptBuildPhase;
			buildActionMask = 2147483647;
			files = (
			);
			inputPaths = (
				"${SRCROOT}/Pods/Target Support Files/Pods-EMA/Pods-EMA-frameworks.sh",
				"${BUILT_PRODUCTS_DIR}/IQKeyboardManagerSwift/IQKeyboardManagerSwift.framework",
				"${BUILT_PRODUCTS_DIR}/Realm/Realm.framework",
				"${BUILT_PRODUCTS_DIR}/RealmSwift/RealmSwift.framework",
			);
			name = "[CP] Embed Pods Frameworks";
			outputPaths = (
				"${TARGET_BUILD_DIR}/${FRAMEWORKS_FOLDER_PATH}/IQKeyboardManagerSwift.framework",
				"${TARGET_BUILD_DIR}/${FRAMEWORKS_FOLDER_PATH}/Realm.framework",
				"${TARGET_BUILD_DIR}/${FRAMEWORKS_FOLDER_PATH}/RealmSwift.framework",
			);
			runOnlyForDeploymentPostprocessing = 0;
			shellPath = /bin/sh;
			shellScript = "\"${SRCROOT}/Pods/Target Support Files/Pods-EMA/Pods-EMA-frameworks.sh\"\n";
			showEnvVarsInLog = 0;
		};
		5DE68EB20507C7741A7A475B /* [CP] Check Pods Manifest.lock */ = {
			isa = PBXShellScriptBuildPhase;
			buildActionMask = 2147483647;
			files = (
			);
			inputPaths = (
				"${PODS_PODFILE_DIR_PATH}/Podfile.lock",
				"${PODS_ROOT}/Manifest.lock",
			);
			name = "[CP] Check Pods Manifest.lock";
			outputPaths = (
				"$(DERIVED_FILE_DIR)/Pods-EMA-checkManifestLockResult.txt",
			);
			runOnlyForDeploymentPostprocessing = 0;
			shellPath = /bin/sh;
			shellScript = "diff \"${PODS_PODFILE_DIR_PATH}/Podfile.lock\" \"${PODS_ROOT}/Manifest.lock\" > /dev/null\nif [ $? != 0 ] ; then\n    # print error to STDERR\n    echo \"error: The sandbox is not in sync with the Podfile.lock. Run 'pod install' or update your CocoaPods installation.\" >&2\n    exit 1\nfi\n# This output is used by Xcode 'outputs' to avoid re-running this script phase.\necho \"SUCCESS\" > \"${SCRIPT_OUTPUT_FILE_0}\"\n";
			showEnvVarsInLog = 0;
		};
		7E0CD3192103A54C00065B1F /* ShellScript */ = {
			isa = PBXShellScriptBuildPhase;
			buildActionMask = 2147483647;
			files = (
			);
			inputPaths = (
			);
			outputPaths = (
			);
			runOnlyForDeploymentPostprocessing = 0;
			shellPath = /bin/sh;
			shellScript = "if which swiftlint >/dev/null; then\nswiftlint\nelse\necho \"warning: SwiftLint not installed, download from https://github.com/realm/SwiftLint\"\nfi";
		};
/* End PBXShellScriptBuildPhase section */

/* Begin PBXSourcesBuildPhase section */
		33FDF5822101EC5E002A475E /* Sources */ = {
			isa = PBXSourcesBuildPhase;
			buildActionMask = 2147483647;
			files = (
				33FE10662113809600EF2C0A /* WorkRoutineNormalViewController.swift in Sources */,
				33A89AA421106DAD00FD0859 /* TraubenleseTableViewController.swift in Sources */,
				7E089839210BB6860085EA50 /* Field.swift in Sources */,
				33FDF58C2101EC5E002A475E /* ViewController.swift in Sources */,
				7E67090D2105F94600072FE9 /* MenuViewController.swift in Sources */,
				7E089836210B94380085EA50 /* WorkState.swift in Sources */,
				33FDF58A2101EC5E002A475E /* AppDelegate.swift in Sources */,
				33A89AA621106DC500FD0859 /* TraubenleseCell.swift in Sources */,
				33A89AA821106DE800FD0859 /* TraubenleseViewController.swift in Sources */,
				7E9D32C721064384001A49F1 /* MenuCollectionViewCell.swift in Sources */,
				7E9D32C921065B78001A49F1 /* SectionHeaderView.swift in Sources */,
				7E089834210B5F220085EA50 /* DatabaseModelNormal.swift in Sources */,
				7E8C36A92108AD3D006A6EB9 /* WorkingRoutineNormalCell.swift in Sources */,
				BD09F42E2104DA1E00BDA189 /* FieldsViewController.swift in Sources */,
				7E9AD2BC2104C5FA00D5CC39 /* LoginManager.swift in Sources */,
				BD09F42C2104DA1300BDA189 /* MapViewController.swift in Sources */,
				7E8C36A721089FD7006A6EB9 /* WorkRoutineNormalTableViewController.swift in Sources */,
				7E8F898C210619C600BA2FEE /* DatabaseManager.swift in Sources */,
				33FE1068211480DC00EF2C0A /* DataBaseTraubenlese.swift in Sources */,
			);
			runOnlyForDeploymentPostprocessing = 0;
		};
		33FDF5962101EC5F002A475E /* Sources */ = {
			isa = PBXSourcesBuildPhase;
			buildActionMask = 2147483647;
			files = (
				33FDF59F2101EC5F002A475E /* EMATests.swift in Sources */,
				7E9AD2BE2104CC4F00D5CC39 /* LoginTests.swift in Sources */,
			);
			runOnlyForDeploymentPostprocessing = 0;
		};
		33FDF5A12101EC5F002A475E /* Sources */ = {
			isa = PBXSourcesBuildPhase;
			buildActionMask = 2147483647;
			files = (
				33FDF5AA2101EC5F002A475E /* EMAUITests.swift in Sources */,
			);
			runOnlyForDeploymentPostprocessing = 0;
		};
/* End PBXSourcesBuildPhase section */

/* Begin PBXTargetDependency section */
		33FDF59C2101EC5F002A475E /* PBXTargetDependency */ = {
			isa = PBXTargetDependency;
			target = 33FDF5852101EC5E002A475E /* EMA */;
			targetProxy = 33FDF59B2101EC5F002A475E /* PBXContainerItemProxy */;
		};
		33FDF5A72101EC5F002A475E /* PBXTargetDependency */ = {
			isa = PBXTargetDependency;
			target = 33FDF5852101EC5E002A475E /* EMA */;
			targetProxy = 33FDF5A62101EC5F002A475E /* PBXContainerItemProxy */;
		};
/* End PBXTargetDependency section */

/* Begin PBXVariantGroup section */
		33FDF58D2101EC5E002A475E /* Main.storyboard */ = {
			isa = PBXVariantGroup;
			children = (
				33FDF58E2101EC5E002A475E /* Base */,
			);
			name = Main.storyboard;
			sourceTree = "<group>";
		};
		33FDF5922101EC5F002A475E /* LaunchScreen.storyboard */ = {
			isa = PBXVariantGroup;
			children = (
				33FDF5932101EC5F002A475E /* Base */,
			);
			name = LaunchScreen.storyboard;
			sourceTree = "<group>";
		};
/* End PBXVariantGroup section */

/* Begin XCBuildConfiguration section */
		33FDF5AC2101EC5F002A475E /* Debug */ = {
			isa = XCBuildConfiguration;
			buildSettings = {
				ALWAYS_SEARCH_USER_PATHS = NO;
				CLANG_ANALYZER_NONNULL = YES;
				CLANG_ANALYZER_NUMBER_OBJECT_CONVERSION = YES_AGGRESSIVE;
				CLANG_CXX_LANGUAGE_STANDARD = "gnu++14";
				CLANG_CXX_LIBRARY = "libc++";
				CLANG_ENABLE_MODULES = YES;
				CLANG_ENABLE_OBJC_ARC = YES;
				CLANG_ENABLE_OBJC_WEAK = YES;
				CLANG_WARN_BLOCK_CAPTURE_AUTORELEASING = YES;
				CLANG_WARN_BOOL_CONVERSION = YES;
				CLANG_WARN_COMMA = YES;
				CLANG_WARN_CONSTANT_CONVERSION = YES;
				CLANG_WARN_DEPRECATED_OBJC_IMPLEMENTATIONS = YES;
				CLANG_WARN_DIRECT_OBJC_ISA_USAGE = YES_ERROR;
				CLANG_WARN_DOCUMENTATION_COMMENTS = YES;
				CLANG_WARN_EMPTY_BODY = YES;
				CLANG_WARN_ENUM_CONVERSION = YES;
				CLANG_WARN_INFINITE_RECURSION = YES;
				CLANG_WARN_INT_CONVERSION = YES;
				CLANG_WARN_NON_LITERAL_NULL_CONVERSION = YES;
				CLANG_WARN_OBJC_IMPLICIT_RETAIN_SELF = YES;
				CLANG_WARN_OBJC_LITERAL_CONVERSION = YES;
				CLANG_WARN_OBJC_ROOT_CLASS = YES_ERROR;
				CLANG_WARN_RANGE_LOOP_ANALYSIS = YES;
				CLANG_WARN_STRICT_PROTOTYPES = YES;
				CLANG_WARN_SUSPICIOUS_MOVE = YES;
				CLANG_WARN_UNGUARDED_AVAILABILITY = YES_AGGRESSIVE;
				CLANG_WARN_UNREACHABLE_CODE = YES;
				CLANG_WARN__DUPLICATE_METHOD_MATCH = YES;
				CODE_SIGN_IDENTITY = "iPhone Developer";
				COPY_PHASE_STRIP = NO;
				DEBUG_INFORMATION_FORMAT = dwarf;
				ENABLE_STRICT_OBJC_MSGSEND = YES;
				ENABLE_TESTABILITY = YES;
				GCC_C_LANGUAGE_STANDARD = gnu11;
				GCC_DYNAMIC_NO_PIC = NO;
				GCC_NO_COMMON_BLOCKS = YES;
				GCC_OPTIMIZATION_LEVEL = 0;
				GCC_PREPROCESSOR_DEFINITIONS = (
					"DEBUG=1",
					"$(inherited)",
				);
				GCC_WARN_64_TO_32_BIT_CONVERSION = YES;
				GCC_WARN_ABOUT_RETURN_TYPE = YES_ERROR;
				GCC_WARN_UNDECLARED_SELECTOR = YES;
				GCC_WARN_UNINITIALIZED_AUTOS = YES_AGGRESSIVE;
				GCC_WARN_UNUSED_FUNCTION = YES;
				GCC_WARN_UNUSED_VARIABLE = YES;
				IPHONEOS_DEPLOYMENT_TARGET = 11.4;
				MTL_ENABLE_DEBUG_INFO = YES;
				ONLY_ACTIVE_ARCH = YES;
				SDKROOT = iphoneos;
				SWIFT_ACTIVE_COMPILATION_CONDITIONS = DEBUG;
				SWIFT_OPTIMIZATION_LEVEL = "-Onone";
			};
			name = Debug;
		};
		33FDF5AD2101EC5F002A475E /* Release */ = {
			isa = XCBuildConfiguration;
			buildSettings = {
				ALWAYS_SEARCH_USER_PATHS = NO;
				CLANG_ANALYZER_NONNULL = YES;
				CLANG_ANALYZER_NUMBER_OBJECT_CONVERSION = YES_AGGRESSIVE;
				CLANG_CXX_LANGUAGE_STANDARD = "gnu++14";
				CLANG_CXX_LIBRARY = "libc++";
				CLANG_ENABLE_MODULES = YES;
				CLANG_ENABLE_OBJC_ARC = YES;
				CLANG_ENABLE_OBJC_WEAK = YES;
				CLANG_WARN_BLOCK_CAPTURE_AUTORELEASING = YES;
				CLANG_WARN_BOOL_CONVERSION = YES;
				CLANG_WARN_COMMA = YES;
				CLANG_WARN_CONSTANT_CONVERSION = YES;
				CLANG_WARN_DEPRECATED_OBJC_IMPLEMENTATIONS = YES;
				CLANG_WARN_DIRECT_OBJC_ISA_USAGE = YES_ERROR;
				CLANG_WARN_DOCUMENTATION_COMMENTS = YES;
				CLANG_WARN_EMPTY_BODY = YES;
				CLANG_WARN_ENUM_CONVERSION = YES;
				CLANG_WARN_INFINITE_RECURSION = YES;
				CLANG_WARN_INT_CONVERSION = YES;
				CLANG_WARN_NON_LITERAL_NULL_CONVERSION = YES;
				CLANG_WARN_OBJC_IMPLICIT_RETAIN_SELF = YES;
				CLANG_WARN_OBJC_LITERAL_CONVERSION = YES;
				CLANG_WARN_OBJC_ROOT_CLASS = YES_ERROR;
				CLANG_WARN_RANGE_LOOP_ANALYSIS = YES;
				CLANG_WARN_STRICT_PROTOTYPES = YES;
				CLANG_WARN_SUSPICIOUS_MOVE = YES;
				CLANG_WARN_UNGUARDED_AVAILABILITY = YES_AGGRESSIVE;
				CLANG_WARN_UNREACHABLE_CODE = YES;
				CLANG_WARN__DUPLICATE_METHOD_MATCH = YES;
				CODE_SIGN_IDENTITY = "iPhone Developer";
				COPY_PHASE_STRIP = NO;
				DEBUG_INFORMATION_FORMAT = "dwarf-with-dsym";
				ENABLE_NS_ASSERTIONS = NO;
				ENABLE_STRICT_OBJC_MSGSEND = YES;
				GCC_C_LANGUAGE_STANDARD = gnu11;
				GCC_NO_COMMON_BLOCKS = YES;
				GCC_WARN_64_TO_32_BIT_CONVERSION = YES;
				GCC_WARN_ABOUT_RETURN_TYPE = YES_ERROR;
				GCC_WARN_UNDECLARED_SELECTOR = YES;
				GCC_WARN_UNINITIALIZED_AUTOS = YES_AGGRESSIVE;
				GCC_WARN_UNUSED_FUNCTION = YES;
				GCC_WARN_UNUSED_VARIABLE = YES;
				IPHONEOS_DEPLOYMENT_TARGET = 11.4;
				MTL_ENABLE_DEBUG_INFO = NO;
				SDKROOT = iphoneos;
				SWIFT_COMPILATION_MODE = wholemodule;
				SWIFT_OPTIMIZATION_LEVEL = "-O";
				VALIDATE_PRODUCT = YES;
			};
			name = Release;
		};
		33FDF5AF2101EC5F002A475E /* Debug */ = {
			isa = XCBuildConfiguration;
			baseConfigurationReference = 24B5A536205C649C4DF669E9 /* Pods-EMA.debug.xcconfig */;
			buildSettings = {
				ASSETCATALOG_COMPILER_APPICON_NAME = AppIcon;
				CODE_SIGN_STYLE = Automatic;
				DEVELOPMENT_TEAM = 8MKL6P6GZ8;
				INFOPLIST_FILE = EMA/Info.plist;
				LD_RUNPATH_SEARCH_PATHS = (
					"$(inherited)",
					"@executable_path/Frameworks",
				);
				PRODUCT_BUNDLE_IDENTIFIER = thbingen.ema.EMA;
				PRODUCT_NAME = "$(TARGET_NAME)";
				SWIFT_VERSION = 4.0;
				TARGETED_DEVICE_FAMILY = "1,2";
			};
			name = Debug;
		};
		33FDF5B02101EC5F002A475E /* Release */ = {
			isa = XCBuildConfiguration;
			baseConfigurationReference = 8B4B1147F753B6BA00146112 /* Pods-EMA.release.xcconfig */;
			buildSettings = {
				ASSETCATALOG_COMPILER_APPICON_NAME = AppIcon;
				CODE_SIGN_STYLE = Automatic;
				DEVELOPMENT_TEAM = 8MKL6P6GZ8;
				INFOPLIST_FILE = EMA/Info.plist;
				LD_RUNPATH_SEARCH_PATHS = (
					"$(inherited)",
					"@executable_path/Frameworks",
				);
				PRODUCT_BUNDLE_IDENTIFIER = thbingen.ema.EMA;
				PRODUCT_NAME = "$(TARGET_NAME)";
				SWIFT_VERSION = 4.0;
				TARGETED_DEVICE_FAMILY = "1,2";
			};
			name = Release;
		};
		33FDF5B22101EC5F002A475E /* Debug */ = {
			isa = XCBuildConfiguration;
			baseConfigurationReference = D86632A3915F1A8B818F8628 /* Pods-EMATests.debug.xcconfig */;
			buildSettings = {
				ALWAYS_EMBED_SWIFT_STANDARD_LIBRARIES = YES;
				BUNDLE_LOADER = "$(TEST_HOST)";
				CODE_SIGN_STYLE = Automatic;
				INFOPLIST_FILE = EMATests/Info.plist;
				LD_RUNPATH_SEARCH_PATHS = (
					"$(inherited)",
					"@executable_path/Frameworks",
					"@loader_path/Frameworks",
				);
				PRODUCT_BUNDLE_IDENTIFIER = thbingen.ema.EMATests;
				PRODUCT_NAME = "$(TARGET_NAME)";
				SWIFT_VERSION = 4.0;
				TARGETED_DEVICE_FAMILY = "1,2";
				TEST_HOST = "$(BUILT_PRODUCTS_DIR)/EMA.app/EMA";
			};
			name = Debug;
		};
		33FDF5B32101EC5F002A475E /* Release */ = {
			isa = XCBuildConfiguration;
			baseConfigurationReference = 5DC8F36519DB49EBB89D362E /* Pods-EMATests.release.xcconfig */;
			buildSettings = {
				ALWAYS_EMBED_SWIFT_STANDARD_LIBRARIES = YES;
				BUNDLE_LOADER = "$(TEST_HOST)";
				CODE_SIGN_STYLE = Automatic;
				INFOPLIST_FILE = EMATests/Info.plist;
				LD_RUNPATH_SEARCH_PATHS = (
					"$(inherited)",
					"@executable_path/Frameworks",
					"@loader_path/Frameworks",
				);
				PRODUCT_BUNDLE_IDENTIFIER = thbingen.ema.EMATests;
				PRODUCT_NAME = "$(TARGET_NAME)";
				SWIFT_VERSION = 4.0;
				TARGETED_DEVICE_FAMILY = "1,2";
				TEST_HOST = "$(BUILT_PRODUCTS_DIR)/EMA.app/EMA";
			};
			name = Release;
		};
		33FDF5B52101EC5F002A475E /* Debug */ = {
			isa = XCBuildConfiguration;
			baseConfigurationReference = 7A92724CA8B3F0C5794D0456 /* Pods-EMAUITests.debug.xcconfig */;
			buildSettings = {
				ALWAYS_EMBED_SWIFT_STANDARD_LIBRARIES = YES;
				CODE_SIGN_STYLE = Automatic;
				INFOPLIST_FILE = EMAUITests/Info.plist;
				LD_RUNPATH_SEARCH_PATHS = (
					"$(inherited)",
					"@executable_path/Frameworks",
					"@loader_path/Frameworks",
				);
				PRODUCT_BUNDLE_IDENTIFIER = thbingen.ema.EMAUITests;
				PRODUCT_NAME = "$(TARGET_NAME)";
				SWIFT_VERSION = 4.0;
				TARGETED_DEVICE_FAMILY = "1,2";
				TEST_TARGET_NAME = EMA;
			};
			name = Debug;
		};
		33FDF5B62101EC5F002A475E /* Release */ = {
			isa = XCBuildConfiguration;
			baseConfigurationReference = 52F57BE480750000E0555C0D /* Pods-EMAUITests.release.xcconfig */;
			buildSettings = {
				ALWAYS_EMBED_SWIFT_STANDARD_LIBRARIES = YES;
				CODE_SIGN_STYLE = Automatic;
				INFOPLIST_FILE = EMAUITests/Info.plist;
				LD_RUNPATH_SEARCH_PATHS = (
					"$(inherited)",
					"@executable_path/Frameworks",
					"@loader_path/Frameworks",
				);
				PRODUCT_BUNDLE_IDENTIFIER = thbingen.ema.EMAUITests;
				PRODUCT_NAME = "$(TARGET_NAME)";
				SWIFT_VERSION = 4.0;
				TARGETED_DEVICE_FAMILY = "1,2";
				TEST_TARGET_NAME = EMA;
			};
			name = Release;
		};
/* End XCBuildConfiguration section */

/* Begin XCConfigurationList section */
		33FDF5812101EC5E002A475E /* Build configuration list for PBXProject "EMA" */ = {
			isa = XCConfigurationList;
			buildConfigurations = (
				33FDF5AC2101EC5F002A475E /* Debug */,
				33FDF5AD2101EC5F002A475E /* Release */,
			);
			defaultConfigurationIsVisible = 0;
			defaultConfigurationName = Release;
		};
		33FDF5AE2101EC5F002A475E /* Build configuration list for PBXNativeTarget "EMA" */ = {
			isa = XCConfigurationList;
			buildConfigurations = (
				33FDF5AF2101EC5F002A475E /* Debug */,
				33FDF5B02101EC5F002A475E /* Release */,
			);
			defaultConfigurationIsVisible = 0;
			defaultConfigurationName = Release;
		};
		33FDF5B12101EC5F002A475E /* Build configuration list for PBXNativeTarget "EMATests" */ = {
			isa = XCConfigurationList;
			buildConfigurations = (
				33FDF5B22101EC5F002A475E /* Debug */,
				33FDF5B32101EC5F002A475E /* Release */,
			);
			defaultConfigurationIsVisible = 0;
			defaultConfigurationName = Release;
		};
		33FDF5B42101EC5F002A475E /* Build configuration list for PBXNativeTarget "EMAUITests" */ = {
			isa = XCConfigurationList;
			buildConfigurations = (
				33FDF5B52101EC5F002A475E /* Debug */,
				33FDF5B62101EC5F002A475E /* Release */,
			);
			defaultConfigurationIsVisible = 0;
			defaultConfigurationName = Release;
		};
/* End XCConfigurationList section */
	};
	rootObject = 33FDF57E2101EC5E002A475E /* Project object */;
}
